
Microsoft Visual Studio Solution File, Format Version 12.00
# Visual Studio Version 17
VisualStudioVersion = 17.14.36212.18 d17.14
MinimumVisualStudioVersion = 10.0.40219.1
Project("{FAE04EC0-301F-11D3-BF4B-00C04F79EFBC}") = "Ecommerce.DummyJson.Api", "Ecommerce.DummyJson.Api.csproj", "{CA83C5EB-746C-4DE1-B2B7-748CA86BC6F3}"
EndProject
Project("{FAE04EC0-301F-11D3-BF4B-00C04F79EFBC}") = "Ecommerce.DummyJson.Dtos", "Ecommerce.DummyJson.Dtos\Ecommerce.DummyJson.Dtos.csproj", "{6A59004B-32A3-4D7F-A47D-EB682E99FA79}"
EndProject
Global
	GlobalSection(SolutionConfigurationPlatforms) = preSolution
		Debug|Any CPU = Debug|Any CPU
		Release|Any CPU = Release|Any CPU
	EndGlobalSection
	GlobalSection(ProjectConfigurationPlatforms) = postSolution
		{CA83C5EB-746C-4DE1-B2B7-748CA86BC6F3}.Debug|Any CPU.ActiveCfg = Debug|Any CPU
		{CA83C5EB-746C-4DE1-B2B7-748CA86BC6F3}.Debug|Any CPU.Build.0 = Debug|Any CPU
		{CA83C5EB-746C-4DE1-B2B7-748CA86BC6F3}.Release|Any CPU.ActiveCfg = Release|Any CPU
		{CA83C5EB-746C-4DE1-B2B7-748CA86BC6F3}.Release|Any CPU.Build.0 = Release|Any CPU
		{6A59004B-32A3-4D7F-A47D-EB682E99FA79}.Debug|Any CPU.ActiveCfg = Debug|Any CPU
		{6A59004B-32A3-4D7F-A47D-EB682E99FA79}.Debug|Any CPU.Build.0 = Debug|Any CPU
		{6A59004B-32A3-4D7F-A47D-EB682E99FA79}.Release|Any CPU.ActiveCfg = Release|Any CPU
		{6A59004B-32A3-4D7F-A47D-EB682E99FA79}.Release|Any CPU.Build.0 = Release|Any CPU
	EndGlobalSection
	GlobalSection(SolutionProperties) = preSolution
		HideSolutionNode = FALSE
	EndGlobalSection
	GlobalSection(ExtensibilityGlobals) = postSolution
		SolutionGuid = {23E26190-4325-4F62-8225-510D04515018}
	EndGlobalSection
EndGlobal
